// !$*UTF8*$!
{
	archiveVersion = 1;
	classes = {
	};
	objectVersion = 56;
	objects = {

/* Begin PBXBuildFile section */
		069B23D529BAF7F1006530C0 /* AppDelegate.swift in Sources */ = {isa = PBXBuildFile; fileRef = 069B23D429BAF7F1006530C0 /* AppDelegate.swift */; };
		069B23D729BAF7F1006530C0 /* SceneDelegate.swift in Sources */ = {isa = PBXBuildFile; fileRef = 069B23D629BAF7F1006530C0 /* SceneDelegate.swift */; };
		069B23D929BAF7F1006530C0 /* ViewController.swift in Sources */ = {isa = PBXBuildFile; fileRef = 069B23D829BAF7F1006530C0 /* ViewController.swift */; };
		069B23DC29BAF7F1006530C0 /* Main.storyboard in Resources */ = {isa = PBXBuildFile; fileRef = 069B23DA29BAF7F1006530C0 /* Main.storyboard */; };
		069B23DE29BAF7F2006530C0 /* Assets.xcassets in Resources */ = {isa = PBXBuildFile; fileRef = 069B23DD29BAF7F2006530C0 /* Assets.xcassets */; };
		069B23E129BAF7F2006530C0 /* LaunchScreen.storyboard in Resources */ = {isa = PBXBuildFile; fileRef = 069B23DF29BAF7F2006530C0 /* LaunchScreen.storyboard */; };
		069B23EC29BAF7F2006530C0 /* CustomRadioButtonTests.swift in Sources */ = {isa = PBXBuildFile; fileRef = 069B23EB29BAF7F2006530C0 /* CustomRadioButtonTests.swift */; };
		069B23F629BAF7F2006530C0 /* CustomRadioButtonUITests.swift in Sources */ = {isa = PBXBuildFile; fileRef = 069B23F529BAF7F2006530C0 /* CustomRadioButtonUITests.swift */; };
		069B23F829BAF7F2006530C0 /* CustomRadioButtonUITestsLaunchTests.swift in Sources */ = {isa = PBXBuildFile; fileRef = 069B23F729BAF7F2006530C0 /* CustomRadioButtonUITestsLaunchTests.swift */; };
/* End PBXBuildFile section */

/* Begin PBXContainerItemProxy section */
		069B23E829BAF7F2006530C0 /* PBXContainerItemProxy */ = {
			isa = PBXContainerItemProxy;
			containerPortal = 069B23C929BAF7F1006530C0 /* Project object */;
			proxyType = 1;
			remoteGlobalIDString = 069B23D029BAF7F1006530C0;
			remoteInfo = CustomRadioButton;
		};
		069B23F229BAF7F2006530C0 /* PBXContainerItemProxy */ = {
			isa = PBXContainerItemProxy;
			containerPortal = 069B23C929BAF7F1006530C0 /* Project object */;
			proxyType = 1;
			remoteGlobalIDString = 069B23D029BAF7F1006530C0;
			remoteInfo = CustomRadioButton;
		};
/* End PBXContainerItemProxy section */

/* Begin PBXFileReference section */
		069B23D129BAF7F1006530C0 /* CustomRadioButton.app */ = {isa = PBXFileReference; explicitFileType = wrapper.application; includeInIndex = 0; path = CustomRadioButton.app; sourceTree = BUILT_PRODUCTS_DIR; };
		069B23D429BAF7F1006530C0 /* AppDelegate.swift */ = {isa = PBXFileReference; lastKnownFileType = sourcecode.swift; path = AppDelegate.swift; sourceTree = "<group>"; };
		069B23D629BAF7F1006530C0 /* SceneDelegate.swift */ = {isa = PBXFileReference; lastKnownFileType = sourcecode.swift; path = SceneDelegate.swift; sourceTree = "<group>"; };
		069B23D829BAF7F1006530C0 /* ViewController.swift */ = {isa = PBXFileReference; lastKnownFileType = sourcecode.swift; path = ViewController.swift; sourceTree = "<group>"; };
		069B23DB29BAF7F1006530C0 /* Base */ = {isa = PBXFileReference; lastKnownFileType = file.storyboard; name = Base; path = Base.lproj/Main.storyboard; sourceTree = "<group>"; };
		069B23DD29BAF7F2006530C0 /* Assets.xcassets */ = {isa = PBXFileReference; lastKnownFileType = folder.assetcatalog; path = Assets.xcassets; sourceTree = "<group>"; };
		069B23E029BAF7F2006530C0 /* Base */ = {isa = PBXFileReference; lastKnownFileType = file.storyboard; name = Base; path = Base.lproj/LaunchScreen.storyboard; sourceTree = "<group>"; };
		069B23E229BAF7F2006530C0 /* Info.plist */ = {isa = PBXFileReference; lastKnownFileType = text.plist.xml; path = Info.plist; sourceTree = "<group>"; };
		069B23E729BAF7F2006530C0 /* CustomRadioButtonTests.xctest */ = {isa = PBXFileReference; explicitFileType = wrapper.cfbundle; includeInIndex = 0; path = CustomRadioButtonTests.xctest; sourceTree = BUILT_PRODUCTS_DIR; };
		069B23EB29BAF7F2006530C0 /* CustomRadioButtonTests.swift */ = {isa = PBXFileReference; lastKnownFileType = sourcecode.swift; path = CustomRadioButtonTests.swift; sourceTree = "<group>"; };
		069B23F129BAF7F2006530C0 /* CustomRadioButtonUITests.xctest */ = {isa = PBXFileReference; explicitFileType = wrapper.cfbundle; includeInIndex = 0; path = CustomRadioButtonUITests.xctest; sourceTree = BUILT_PRODUCTS_DIR; };
		069B23F529BAF7F2006530C0 /* CustomRadioButtonUITests.swift */ = {isa = PBXFileReference; lastKnownFileType = sourcecode.swift; path = CustomRadioButtonUITests.swift; sourceTree = "<group>"; };
		069B23F729BAF7F2006530C0 /* CustomRadioButtonUITestsLaunchTests.swift */ = {isa = PBXFileReference; lastKnownFileType = sourcecode.swift; path = CustomRadioButtonUITestsLaunchTests.swift; sourceTree = "<group>"; };
/* End PBXFileReference section */

/* Begin PBXFrameworksBuildPhase section */
		069B23CE29BAF7F1006530C0 /* Frameworks */ = {
			isa = PBXFrameworksBuildPhase;
			buildActionMask = 2147483647;
			files = (
			);
			runOnlyForDeploymentPostprocessing = 0;
		};
		069B23E429BAF7F2006530C0 /* Frameworks */ = {
			isa = PBXFrameworksBuildPhase;
			buildActionMask = 2147483647;
			files = (
			);
			runOnlyForDeploymentPostprocessing = 0;
		};
		069B23EE29BAF7F2006530C0 /* Frameworks */ = {
			isa = PBXFrameworksBuildPhase;
			buildActionMask = 2147483647;
			files = (
			);
			runOnlyForDeploymentPostprocessing = 0;
		};
/* End PBXFrameworksBuildPhase section */

/* Begin PBXGroup section */
		069B23C829BAF7F1006530C0 = {
			isa = PBXGroup;
			children = (
				069B23D329BAF7F1006530C0 /* CustomRadioButton */,
				069B23EA29BAF7F2006530C0 /* CustomRadioButtonTests */,
				069B23F429BAF7F2006530C0 /* CustomRadioButtonUITests */,
				069B23D229BAF7F1006530C0 /* Products */,
			);
			sourceTree = "<group>";
		};
		069B23D229BAF7F1006530C0 /* Products */ = {
			isa = PBXGroup;
			children = (
				069B23D129BAF7F1006530C0 /* CustomRadioButton.app */,
				069B23E729BAF7F2006530C0 /* CustomRadioButtonTests.xctest */,
				069B23F129BAF7F2006530C0 /* CustomRadioButtonUITests.xctest */,
			);
			name = Products;
			sourceTree = "<group>";
		};
		069B23D329BAF7F1006530C0 /* CustomRadioButton */ = {
			isa = PBXGroup;
			children = (
				069B23D429BAF7F1006530C0 /* AppDelegate.swift */,
				069B23D629BAF7F1006530C0 /* SceneDelegate.swift */,
				069B23D829BAF7F1006530C0 /* ViewController.swift */,
				069B23DA29BAF7F1006530C0 /* Main.storyboard */,
				069B23DD29BAF7F2006530C0 /* Assets.xcassets */,
				069B23DF29BAF7F2006530C0 /* LaunchScreen.storyboard */,
				069B23E229BAF7F2006530C0 /* Info.plist */,
			);
			path = CustomRadioButton;
			sourceTree = "<group>";
		};
		069B23EA29BAF7F2006530C0 /* CustomRadioButtonTests */ = {
			isa = PBXGroup;
			children = (
				069B23EB29BAF7F2006530C0 /* CustomRadioButtonTests.swift */,
			);
			path = CustomRadioButtonTests;
			sourceTree = "<group>";
		};
		069B23F429BAF7F2006530C0 /* CustomRadioButtonUITests */ = {
			isa = PBXGroup;
			children = (
				069B23F529BAF7F2006530C0 /* CustomRadioButtonUITests.swift */,
				069B23F729BAF7F2006530C0 /* CustomRadioButtonUITestsLaunchTests.swift */,
			);
			path = CustomRadioButtonUITests;
			sourceTree = "<group>";
		};
/* End PBXGroup section */

/* Begin PBXNativeTarget section */
		069B23D029BAF7F1006530C0 /* CustomRadioButton */ = {
			isa = PBXNativeTarget;
			buildConfigurationList = 069B23FB29BAF7F2006530C0 /* Build configuration list for PBXNativeTarget "CustomRadioButton" */;
			buildPhases = (
				069B23CD29BAF7F1006530C0 /* Sources */,
				069B23CE29BAF7F1006530C0 /* Frameworks */,
				069B23CF29BAF7F1006530C0 /* Resources */,
			);
			buildRules = (
			);
			dependencies = (
			);
			name = CustomRadioButton;
			productName = CustomRadioButton;
			productReference = 069B23D129BAF7F1006530C0 /* CustomRadioButton.app */;
			productType = "com.apple.product-type.application";
		};
		069B23E629BAF7F2006530C0 /* CustomRadioButtonTests */ = {
			isa = PBXNativeTarget;
			buildConfigurationList = 069B23FE29BAF7F2006530C0 /* Build configuration list for PBXNativeTarget "CustomRadioButtonTests" */;
			buildPhases = (
				069B23E329BAF7F2006530C0 /* Sources */,
				069B23E429BAF7F2006530C0 /* Frameworks */,
				069B23E529BAF7F2006530C0 /* Resources */,
			);
			buildRules = (
			);
			dependencies = (
				069B23E929BAF7F2006530C0 /* PBXTargetDependency */,
			);
			name = CustomRadioButtonTests;
			productName = CustomRadioButtonTests;
			productReference = 069B23E729BAF7F2006530C0 /* CustomRadioButtonTests.xctest */;
			productType = "com.apple.product-type.bundle.unit-test";
		};
		069B23F029BAF7F2006530C0 /* CustomRadioButtonUITests */ = {
			isa = PBXNativeTarget;
			buildConfigurationList = 069B240129BAF7F2006530C0 /* Build configuration list for PBXNativeTarget "CustomRadioButtonUITests" */;
			buildPhases = (
				069B23ED29BAF7F2006530C0 /* Sources */,
				069B23EE29BAF7F2006530C0 /* Frameworks */,
				069B23EF29BAF7F2006530C0 /* Resources */,
			);
			buildRules = (
			);
			dependencies = (
				069B23F329BAF7F2006530C0 /* PBXTargetDependency */,
			);
			name = CustomRadioButtonUITests;
			productName = CustomRadioButtonUITests;
			productReference = 069B23F129BAF7F2006530C0 /* CustomRadioButtonUITests.xctest */;
			productType = "com.apple.product-type.bundle.ui-testing";
		};
/* End PBXNativeTarget section */

/* Begin PBXProject section */
		069B23C929BAF7F1006530C0 /* Project object */ = {
			isa = PBXProject;
			attributes = {
				BuildIndependentTargetsInParallel = 1;
				LastSwiftUpdateCheck = 1420;
				LastUpgradeCheck = 1420;
				TargetAttributes = {
					069B23D029BAF7F1006530C0 = {
						CreatedOnToolsVersion = 14.2;
					};
					069B23E629BAF7F2006530C0 = {
						CreatedOnToolsVersion = 14.2;
						TestTargetID = 069B23D029BAF7F1006530C0;
					};
					069B23F029BAF7F2006530C0 = {
						CreatedOnToolsVersion = 14.2;
						TestTargetID = 069B23D029BAF7F1006530C0;
					};
				};
			};
			buildConfigurationList = 069B23CC29BAF7F1006530C0 /* Build configuration list for PBXProject "CustomRadioButton" */;
			compatibilityVersion = "Xcode 14.0";
			developmentRegion = en;
			hasScannedForEncodings = 0;
			knownRegions = (
				en,
				Base,
			);
			mainGroup = 069B23C829BAF7F1006530C0;
			productRefGroup = 069B23D229BAF7F1006530C0 /* Products */;
			projectDirPath = "";
			projectRoot = "";
			targets = (
				069B23D029BAF7F1006530C0 /* CustomRadioButton */,
				069B23E629BAF7F2006530C0 /* CustomRadioButtonTests */,
				069B23F029BAF7F2006530C0 /* CustomRadioButtonUITests */,
			);
		};
/* End PBXProject section */

/* Begin PBXResourcesBuildPhase section */
		069B23CF29BAF7F1006530C0 /* Resources */ = {
			isa = PBXResourcesBuildPhase;
			buildActionMask = 2147483647;
			files = (
				069B23E129BAF7F2006530C0 /* LaunchScreen.storyboard in Resources */,
				069B23DE29BAF7F2006530C0 /* Assets.xcassets in Resources */,
				069B23DC29BAF7F1006530C0 /* Main.storyboard in Resources */,
			);
			runOnlyForDeploymentPostprocessing = 0;
		};
		069B23E529BAF7F2006530C0 /* Resources */ = {
			isa = PBXResourcesBuildPhase;
			buildActionMask = 2147483647;
			files = (
			);
			runOnlyForDeploymentPostprocessing = 0;
		};
		069B23EF29BAF7F2006530C0 /* Resources */ = {
			isa = PBXResourcesBuildPhase;
			buildActionMask = 2147483647;
			files = (
			);
			runOnlyForDeploymentPostprocessing = 0;
		};
/* End PBXResourcesBuildPhase section */

/* Begin PBXSourcesBuildPhase section */
		069B23CD29BAF7F1006530C0 /* Sources */ = {
			isa = PBXSourcesBuildPhase;
			buildActionMask = 2147483647;
			files = (
				069B23D929BAF7F1006530C0 /* ViewController.swift in Sources */,
				069B23D529BAF7F1006530C0 /* AppDelegate.swift in Sources */,
				069B23D729BAF7F1006530C0 /* SceneDelegate.swift in Sources */,
			);
			runOnlyForDeploymentPostprocessing = 0;
		};
		069B23E329BAF7F2006530C0 /* Sources */ = {
			isa = PBXSourcesBuildPhase;
			buildActionMask = 2147483647;
			files = (
				069B23EC29BAF7F2006530C0 /* CustomRadioButtonTests.swift in Sources */,
			);
			runOnlyForDeploymentPostprocessing = 0;
		};
		069B23ED29BAF7F2006530C0 /* Sources */ = {
			isa = PBXSourcesBuildPhase;
			buildActionMask = 2147483647;
			files = (
				069B23F629BAF7F2006530C0 /* CustomRadioButtonUITests.swift in Sources */,
				069B23F829BAF7F2006530C0 /* CustomRadioButtonUITestsLaunchTests.swift in Sources */,
			);
			runOnlyForDeploymentPostprocessing = 0;
		};
/* End PBXSourcesBuildPhase section */

/* Begin PBXTargetDependency section */
		069B23E929BAF7F2006530C0 /* PBXTargetDependency */ = {
			isa = PBXTargetDependency;
			target = 069B23D029BAF7F1006530C0 /* CustomRadioButton */;
			targetProxy = 069B23E829BAF7F2006530C0 /* PBXContainerItemProxy */;
		};
		069B23F329BAF7F2006530C0 /* PBXTargetDependency */ = {
			isa = PBXTargetDependency;
			target = 069B23D029BAF7F1006530C0 /* CustomRadioButton */;
			targetProxy = 069B23F229BAF7F2006530C0 /* PBXContainerItemProxy */;
		};
/* End PBXTargetDependency section */

/* Begin PBXVariantGroup section */
		069B23DA29BAF7F1006530C0 /* Main.storyboard */ = {
			isa = PBXVariantGroup;
			children = (
				069B23DB29BAF7F1006530C0 /* Base */,
			);
			name = Main.storyboard;
			sourceTree = "<group>";
		};
		069B23DF29BAF7F2006530C0 /* LaunchScreen.storyboard */ = {
			isa = PBXVariantGroup;
			children = (
				069B23E029BAF7F2006530C0 /* Base */,
			);
			name = LaunchScreen.storyboard;
			sourceTree = "<group>";
		};
/* End PBXVariantGroup section */

/* Begin XCBuildConfiguration section */
		069B23F929BAF7F2006530C0 /* Debug */ = {
			isa = XCBuildConfiguration;
			buildSettings = {
				ALWAYS_SEARCH_USER_PATHS = NO;
				CLANG_ANALYZER_NONNULL = YES;
				CLANG_ANALYZER_NUMBER_OBJECT_CONVERSION = YES_AGGRESSIVE;
				CLANG_CXX_LANGUAGE_STANDARD = "gnu++20";
				CLANG_ENABLE_MODULES = YES;
				CLANG_ENABLE_OBJC_ARC = YES;
				CLANG_ENABLE_OBJC_WEAK = YES;
				CLANG_WARN_BLOCK_CAPTURE_AUTORELEASING = YES;
				CLANG_WARN_BOOL_CONVERSION = YES;
				CLANG_WARN_COMMA = YES;
				CLANG_WARN_CONSTANT_CONVERSION = YES;
				CLANG_WARN_DEPRECATED_OBJC_IMPLEMENTATIONS = YES;
				CLANG_WARN_DIRECT_OBJC_ISA_USAGE = YES_ERROR;
				CLANG_WARN_DOCUMENTATION_COMMENTS = YES;
				CLANG_WARN_EMPTY_BODY = YES;
				CLANG_WARN_ENUM_CONVERSION = YES;
				CLANG_WARN_INFINITE_RECURSION = YES;
				CLANG_WARN_INT_CONVERSION = YES;
				CLANG_WARN_NON_LITERAL_NULL_CONVERSION = YES;
				CLANG_WARN_OBJC_IMPLICIT_RETAIN_SELF = YES;
				CLANG_WARN_OBJC_LITERAL_CONVERSION = YES;
				CLANG_WARN_OBJC_ROOT_CLASS = YES_ERROR;
				CLANG_WARN_QUOTED_INCLUDE_IN_FRAMEWORK_HEADER = YES;
				CLANG_WARN_RANGE_LOOP_ANALYSIS = YES;
				CLANG_WARN_STRICT_PROTOTYPES = YES;
				CLANG_WARN_SUSPICIOUS_MOVE = YES;
				CLANG_WARN_UNGUARDED_AVAILABILITY = YES_AGGRESSIVE;
				CLANG_WARN_UNREACHABLE_CODE = YES;
				CLANG_WARN__DUPLICATE_METHOD_MATCH = YES;
				COPY_PHASE_STRIP = NO;
				DEBUG_INFORMATION_FORMAT = dwarf;
				ENABLE_STRICT_OBJC_MSGSEND = YES;
				ENABLE_TESTABILITY = YES;
				GCC_C_LANGUAGE_STANDARD = gnu11;
				GCC_DYNAMIC_NO_PIC = NO;
				GCC_NO_COMMON_BLOCKS = YES;
				GCC_OPTIMIZATION_LEVEL = 0;
				GCC_PREPROCESSOR_DEFINITIONS = (
					"DEBUG=1",
					"$(inherited)",
				);
				GCC_WARN_64_TO_32_BIT_CONVERSION = YES;
				GCC_WARN_ABOUT_RETURN_TYPE = YES_ERROR;
				GCC_WARN_UNDECLARED_SELECTOR = YES;
				GCC_WARN_UNINITIALIZED_AUTOS = YES_AGGRESSIVE;
				GCC_WARN_UNUSED_FUNCTION = YES;
				GCC_WARN_UNUSED_VARIABLE = YES;
				IPHONEOS_DEPLOYMENT_TARGET = 16.2;
				MTL_ENABLE_DEBUG_INFO = INCLUDE_SOURCE;
				MTL_FAST_MATH = YES;
				ONLY_ACTIVE_ARCH = YES;
				SDKROOT = iphoneos;
				SWIFT_ACTIVE_COMPILATION_CONDITIONS = DEBUG;
				SWIFT_OPTIMIZATION_LEVEL = "-Onone";
			};
			name = Debug;
		};
		069B23FA29BAF7F2006530C0 /* Release */ = {
			isa = XCBuildConfiguration;
			buildSettings = {
				ALWAYS_SEARCH_USER_PATHS = NO;
				CLANG_ANALYZER_NONNULL = YES;
				CLANG_ANALYZER_NUMBER_OBJECT_CONVERSION = YES_AGGRESSIVE;
				CLANG_CXX_LANGUAGE_STANDARD = "gnu++20";
				CLANG_ENABLE_MODULES = YES;
				CLANG_ENABLE_OBJC_ARC = YES;
				CLANG_ENABLE_OBJC_WEAK = YES;
				CLANG_WARN_BLOCK_CAPTURE_AUTORELEASING = YES;
				CLANG_WARN_BOOL_CONVERSION = YES;
				CLANG_WARN_COMMA = YES;
				CLANG_WARN_CONSTANT_CONVERSION = YES;
				CLANG_WARN_DEPRECATED_OBJC_IMPLEMENTATIONS = YES;
				CLANG_WARN_DIRECT_OBJC_ISA_USAGE = YES_ERROR;
				CLANG_WARN_DOCUMENTATION_COMMENTS = YES;
				CLANG_WARN_EMPTY_BODY = YES;
				CLANG_WARN_ENUM_CONVERSION = YES;
				CLANG_WARN_INFINITE_RECURSION = YES;
				CLANG_WARN_INT_CONVERSION = YES;
				CLANG_WARN_NON_LITERAL_NULL_CONVERSION = YES;
				CLANG_WARN_OBJC_IMPLICIT_RETAIN_SELF = YES;
				CLANG_WARN_OBJC_LITERAL_CONVERSION = YES;
				CLANG_WARN_OBJC_ROOT_CLASS = YES_ERROR;
				CLANG_WARN_QUOTED_INCLUDE_IN_FRAMEWORK_HEADER = YES;
				CLANG_WARN_RANGE_LOOP_ANALYSIS = YES;
				CLANG_WARN_STRICT_PROTOTYPES = YES;
				CLANG_WARN_SUSPICIOUS_MOVE = YES;
				CLANG_WARN_UNGUARDED_AVAILABILITY = YES_AGGRESSIVE;
				CLANG_WARN_UNREACHABLE_CODE = YES;
				CLANG_WARN__DUPLICATE_METHOD_MATCH = YES;
				COPY_PHASE_STRIP = NO;
				DEBUG_INFORMATION_FORMAT = "dwarf-with-dsym";
				ENABLE_NS_ASSERTIONS = NO;
				ENABLE_STRICT_OBJC_MSGSEND = YES;
				GCC_C_LANGUAGE_STANDARD = gnu11;
				GCC_NO_COMMON_BLOCKS = YES;
				GCC_WARN_64_TO_32_BIT_CONVERSION = YES;
				GCC_WARN_ABOUT_RETURN_TYPE = YES_ERROR;
				GCC_WARN_UNDECLARED_SELECTOR = YES;
				GCC_WARN_UNINITIALIZED_AUTOS = YES_AGGRESSIVE;
				GCC_WARN_UNUSED_FUNCTION = YES;
				GCC_WARN_UNUSED_VARIABLE = YES;
				IPHONEOS_DEPLOYMENT_TARGET = 16.2;
				MTL_ENABLE_DEBUG_INFO = NO;
				MTL_FAST_MATH = YES;
				SDKROOT = iphoneos;
				SWIFT_COMPILATION_MODE = wholemodule;
				SWIFT_OPTIMIZATION_LEVEL = "-O";
				VALIDATE_PRODUCT = YES;
			};
			name = Release;
		};
		069B23FC29BAF7F2006530C0 /* Debug */ = {
			isa = XCBuildConfiguration;
			buildSettings = {
				ASSETCATALOG_COMPILER_APPICON_NAME = AppIcon;
				ASSETCATALOG_COMPILER_GLOBAL_ACCENT_COLOR_NAME = AccentColor;
				CODE_SIGN_STYLE = Automatic;
				CURRENT_PROJECT_VERSION = 1;
				GENERATE_INFOPLIST_FILE = YES;
				INFOPLIST_FILE = CustomRadioButton/Info.plist;
				INFOPLIST_KEY_UIApplicationSupportsIndirectInputEvents = YES;
				INFOPLIST_KEY_UILaunchStoryboardName = LaunchScreen;
				INFOPLIST_KEY_UIMainStoryboardFile = Main;
				INFOPLIST_KEY_UISupportedInterfaceOrientations_iPad = "UIInterfaceOrientationPortrait UIInterfaceOrientationPortraitUpsideDown UIInterfaceOrientationLandscapeLeft UIInterfaceOrientationLandscapeRight";
				INFOPLIST_KEY_UISupportedInterfaceOrientations_iPhone = "UIInterfaceOrientationPortrait UIInterfaceOrientationLandscapeLeft UIInterfaceOrientationLandscapeRight";
				LD_RUNPATH_SEARCH_PATHS = (
					"$(inherited)",
					"@executable_path/Frameworks",
				);
				MARKETING_VERSION = 1.0;
				PRODUCT_BUNDLE_IDENTIFIER = com.welgram.CustomRadioButton;
				PRODUCT_NAME = "$(TARGET_NAME)";
				SWIFT_EMIT_LOC_STRINGS = YES;
				SWIFT_VERSION = 5.0;
				TARGETED_DEVICE_FAMILY = "1,2";
			};
			name = Debug;
		};
		069B23FD29BAF7F2006530C0 /* Release */ = {
			isa = XCBuildConfiguration;
			buildSettings = {
				ASSETCATALOG_COMPILER_APPICON_NAME = AppIcon;
				ASSETCATALOG_COMPILER_GLOBAL_ACCENT_COLOR_NAME = AccentColor;
				CODE_SIGN_STYLE = Automatic;
				CURRENT_PROJECT_VERSION = 1;
				GENERATE_INFOPLIST_FILE = YES;
				INFOPLIST_FILE = CustomRadioButton/Info.plist;
				INFOPLIST_KEY_UIApplicationSupportsIndirectInputEvents = YES;
				INFOPLIST_KEY_UILaunchStoryboardName = LaunchScreen;
				INFOPLIST_KEY_UIMainStoryboardFile = Main;
				INFOPLIST_KEY_UISupportedInterfaceOrientations_iPad = "UIInterfaceOrientationPortrait UIInterfaceOrientationPortraitUpsideDown UIInterfaceOrientationLandscapeLeft UIInterfaceOrientationLandscapeRight";
				INFOPLIST_KEY_UISupportedInterfaceOrientations_iPhone = "UIInterfaceOrientationPortrait UIInterfaceOrientationLandscapeLeft UIInterfaceOrientationLandscapeRight";
				LD_RUNPATH_SEARCH_PATHS = (
					"$(inherited)",
					"@executable_path/Frameworks",
				);
				MARKETING_VERSION = 1.0;
				PRODUCT_BUNDLE_IDENTIFIER = com.welgram.CustomRadioButton;
				PRODUCT_NAME = "$(TARGET_NAME)";
				SWIFT_EMIT_LOC_STRINGS = YES;
				SWIFT_VERSION = 5.0;
				TARGETED_DEVICE_FAMILY = "1,2";
			};
			name = Release;
		};
		069B23FF29BAF7F2006530C0 /* Debug */ = {
			isa = XCBuildConfiguration;
			buildSettings = {
				ALWAYS_EMBED_SWIFT_STANDARD_LIBRARIES = YES;
				BUNDLE_LOADER = "$(TEST_HOST)";
				CODE_SIGN_STYLE = Automatic;
				CURRENT_PROJECT_VERSION = 1;
				GENERATE_INFOPLIST_FILE = YES;
				IPHONEOS_DEPLOYMENT_TARGET = 16.2;
				MARKETING_VERSION = 1.0;
				PRODUCT_BUNDLE_IDENTIFIER = com.welgram.CustomRadioButtonTests;
				PRODUCT_NAME = "$(TARGET_NAME)";
				SWIFT_EMIT_LOC_STRINGS = NO;
				SWIFT_VERSION = 5.0;
				TARGETED_DEVICE_FAMILY = "1,2";
				TEST_HOST = "$(BUILT_PRODUCTS_DIR)/CustomRadioButton.app/$(BUNDLE_EXECUTABLE_FOLDER_PATH)/CustomRadioButton";
			};
			name = Debug;
		};
		069B240029BAF7F2006530C0 /* Release */ = {
			isa = XCBuildConfiguration;
			buildSettings = {
				ALWAYS_EMBED_SWIFT_STANDARD_LIBRARIES = YES;
				BUNDLE_LOADER = "$(TEST_HOST)";
				CODE_SIGN_STYLE = Automatic;
				CURRENT_PROJECT_VERSION = 1;
				GENERATE_INFOPLIST_FILE = YES;
				IPHONEOS_DEPLOYMENT_TARGET = 16.2;
				MARKETING_VERSION = 1.0;
				PRODUCT_BUNDLE_IDENTIFIER = com.welgram.CustomRadioButtonTests;
				PRODUCT_NAME = "$(TARGET_NAME)";
				SWIFT_EMIT_LOC_STRINGS = NO;
				SWIFT_VERSION = 5.0;
				TARGETED_DEVICE_FAMILY = "1,2";
				TEST_HOST = "$(BUILT_PRODUCTS_DIR)/CustomRadioButton.app/$(BUNDLE_EXECUTABLE_FOLDER_PATH)/CustomRadioButton";
			};
			name = Release;
		};
		069B240229BAF7F2006530C0 /* Debug */ = {
			isa = XCBuildConfiguration;
			buildSettings = {
				ALWAYS_EMBED_SWIFT_STANDARD_LIBRARIES = YES;
				CODE_SIGN_STYLE = Automatic;
				CURRENT_PROJECT_VERSION = 1;
				GENERATE_INFOPLIST_FILE = YES;
				MARKETING_VERSION = 1.0;
				PRODUCT_BUNDLE_IDENTIFIER = com.welgram.CustomRadioButtonUITests;
				PRODUCT_NAME = "$(TARGET_NAME)";
				SWIFT_EMIT_LOC_STRINGS = NO;
				SWIFT_VERSION = 5.0;
				TARGETED_DEVICE_FAMILY = "1,2";
				TEST_TARGET_NAME = CustomRadioButton;
			};
			name = Debug;
		};
		069B240329BAF7F2006530C0 /* Release */ = {
			isa = XCBuildConfiguration;
			buildSettings = {
				ALWAYS_EMBED_SWIFT_STANDARD_LIBRARIES = YES;
				CODE_SIGN_STYLE = Automatic;
				CURRENT_PROJECT_VERSION = 1;
				GENERATE_INFOPLIST_FILE = YES;
				MARKETING_VERSION = 1.0;
				PRODUCT_BUNDLE_IDENTIFIER = com.welgram.CustomRadioButtonUITests;
				PRODUCT_NAME = "$(TARGET_NAME)";
				SWIFT_EMIT_LOC_STRINGS = NO;
				SWIFT_VERSION = 5.0;
				TARGETED_DEVICE_FAMILY = "1,2";
				TEST_TARGET_NAME = CustomRadioButton;
			};
			name = Release;
		};
/* End XCBuildConfiguration section */

/* Begin XCConfigurationList section */
		069B23CC29BAF7F1006530C0 /* Build configuration list for PBXProject "CustomRadioButton" */ = {
			isa = XCConfigurationList;
			buildConfigurations = (
				069B23F929BAF7F2006530C0 /* Debug */,
				069B23FA29BAF7F2006530C0 /* Release */,
			);
			defaultConfigurationIsVisible = 0;
			defaultConfigurationName = Release;
		};
		069B23FB29BAF7F2006530C0 /* Build configuration list for PBXNativeTarget "CustomRadioButton" */ = {
			isa = XCConfigurationList;
			buildConfigurations = (
				069B23FC29BAF7F2006530C0 /* Debug */,
				069B23FD29BAF7F2006530C0 /* Release */,
			);
			defaultConfigurationIsVisible = 0;
			defaultConfigurationName = Release;
		};
		069B23FE29BAF7F2006530C0 /* Build configuration list for PBXNativeTarget "CustomRadioButtonTests" */ = {
			isa = XCConfigurationList;
			buildConfigurations = (
				069B23FF29BAF7F2006530C0 /* Debug */,
				069B240029BAF7F2006530C0 /* Release */,
			);
			defaultConfigurationIsVisible = 0;
			defaultConfigurationName = Release;
		};
		069B240129BAF7F2006530C0 /* Build configuration list for PBXNativeTarget "CustomRadioButtonUITests" */ = {
			isa = XCConfigurationList;
			buildConfigurations = (
				069B240229BAF7F2006530C0 /* Debug */,
				069B240329BAF7F2006530C0 /* Release */,
			);
			defaultConfigurationIsVisible = 0;
			defaultConfigurationName = Release;
		};
/* End XCConfigurationList section */
	};
	rootObject = 069B23C929BAF7F1006530C0 /* Project object */;
}
